
Microsoft Visual Studio Solution File, Format Version 12.00
# Visual Studio Version 17
VisualStudioVersion = 17.0.31903.59
MinimumVisualStudioVersion = 10.0.40219.1
Project("{2150E333-8FDC-42A3-9474-1A3956D46DE8}") = "src", "src", "{4B137716-F8FE-4CE0-9480-7BD7DA62E400}"
EndProject
Project("{FAE04EC0-301F-11D3-BF4B-00C04F79EFBC}") = "MathPhys.Ink", "src\MathPhys.Ink\MathPhys.Ink.csproj", "{E98F6D8F-CAB2-4416-A0D5-182A04E5A47C}"
EndProject
Project("{2150E333-8FDC-42A3-9474-1A3956D46DE8}") = "tools", "tools", "{2D8E83F2-AD21-40F9-BDF4-8542462472B1}"
EndProject
Project("{FAE04EC0-301F-11D3-BF4B-00C04F79EFBC}") = "PdfSmokeTest", "tools\PdfSmokeTest\PdfSmokeTest.csproj", "{D2F77B59-32BB-4425-8293-A362F5A56152}"
EndProject
Project("{FAE04EC0-301F-11D3-BF4B-00C04F79EFBC}") = "MathPhys.Ink.Plugin.Abstractions", "src\MathPhys.Ink.Plugin.Abstractions\MathPhys.Ink.Plugin.Abstractions.csproj", "{B01C05E3-893C-4E65-A8CA-A8EAB44D2A89}"
EndProject
Project("{FAE04EC0-301F-11D3-BF4B-00C04F79EFBC}") = "MathPhys.Ink.Plugin.Ruler", "src\MathPhys.Ink.Plugin.Ruler\MathPhys.Ink.Plugin.Ruler.csproj", "{BFC9FA11-526D-4F31-8774-417A85357309}"
EndProject
Project("{FAE04EC0-301F-11D3-BF4B-00C04F79EFBC}") = "PdfSmokeTest.GfxPlugin", "tools\PdfSmokeTest.GfxPlugin\PdfSmokeTest.GfxPlugin.csproj", "{63EE0B3B-702C-49F5-A6A3-A91B384CB727}"
EndProject
Project("{FAE04EC0-301F-11D3-BF4B-00C04F79EFBC}") = "MathPhys.Ink.Plugin.Protractor", "src\MathPhys.Ink.Plugin.Protractor\MathPhys.Ink.Plugin.Protractor.csproj", "{54D8B6D4-DF54-4124-B3B3-03E85EA50C8E}"
EndProject
Project("{FAE04EC0-301F-11D3-BF4B-00C04F79EFBC}") = "MathPhys.Ink.Plugin.Triangle", "src\MathPhys.Ink.Plugin.Triangle\MathPhys.Ink.Plugin.Triangle.csproj", "{7A31C2E9-5B0D-4C81-9A5E-2F6D3B8C0A91}"
EndProject
Project("{FAE04EC0-301F-11D3-BF4B-00C04F79EFBC}") = "MathPhys.Ink.Plugin.CoordSystem", "src\MathPhys.Ink.Plugin.CoordSystem\MathPhys.Ink.Plugin.CoordSystem.csproj", "{2B3C7D8E-5A2E-4F1B-9C8E-6D7E8F9A0B1C}"
EndProject
Project("{FAE04EC0-301F-11D3-BF4B-00C04F79EFBC}") = "MathPhys.Ink.Plugin.FunctionPlot", "src\MathPhys.Ink.Plugin.FunctionPlot\MathPhys.Ink.Plugin.FunctionPlot.csproj", "{0423FA71-8A41-40E7-8301-F008854F38FD}"
EndProject
Project("{FAE04EC0-301F-11D3-BF4B-00C04F79EFBC}") = "MathPhys.Ink.Plugin.GeoGebra", "src\MathPhys.Ink.Plugin.GeoGebra\MathPhys.Ink.Plugin.GeoGebra.csproj", "{61342C7A-D4A9-492F-AE15-D5833E9D7381}"
EndProject
Project("{FAE04EC0-301F-11D3-BF4B-00C04F79EFBC}") = "MathPhys.Ink.Plugin.Formula", "src\MathPhys.Ink.Plugin.Formula\MathPhys.Ink.Plugin.Formula.csproj", "{2F521010-C27B-4FC6-9AB8-8043516B2CBB}"
EndProject
Project("{FAE04EC0-301F-11D3-BF4B-00C04F79EFBC}") = "MathPhys.Ink.Plugin.CircuitKit", "src\MathPhys.Ink.Plugin.CircuitKit\MathPhys.Ink.Plugin.CircuitKit.csproj", "{D24CF0FD-D7BA-43B3-BD00-BC991F2A5B88}"
EndProject
Project("{FAE04EC0-301F-11D3-BF4B-00C04F79EFBC}") = "MathPhys.Ink.Plugin.Compass", "src\MathPhys.Ink.Plugin.Compass\MathPhys.Ink.Plugin.Compass.csproj", "{9A3C4B7D-2E5F-4A6B-8C1D-0F2E6B9A4D71}"
EndProject
Project("{FAE04EC0-301F-11D3-BF4B-00C04F79EFBC}") = "MathPhys.Ink.Plugin.NativeSim", "src\MathPhys.Ink.Plugin.NativeSim\MathPhys.Ink.Plugin.NativeSim.csproj", "{3F5A9C21-7B4D-4E82-B6A0-1D8C4F7E2A93}"
EndProject
Project("{FAE04EC0-301F-11D3-BF4B-00C04F79EFBC}") = "MathPhys.Ink.Plugin.SubjectKit", "src\MathPhys.Ink.Plugin.SubjectKit\MathPhys.Ink.Plugin.SubjectKit.csproj", "{5C7E1A64-93B2-4D5F-8E6A-2B9F0D3C7A11}"
EndProject
Global
	GlobalSection(SolutionConfigurationPlatforms) = preSolution
		Debug|Any CPU = Debug|Any CPU
		Release|Any CPU = Release|Any CPU
	EndGlobalSection
	GlobalSection(SolutionProperties) = preSolution
		HideSolutionNode = FALSE
	EndGlobalSection
	GlobalSection(ProjectConfigurationPlatforms) = postSolution
		{E98F6D8F-CAB2-4416-A0D5-182A04E5A47C}.Debug|Any CPU.ActiveCfg = Debug|Any CPU
		{E98F6D8F-CAB2-4416-A0D5-182A04E5A47C}.Debug|Any CPU.Build.0 = Debug|Any CPU
		{E98F6D8F-CAB2-4416-A0D5-182A04E5A47C}.Release|Any CPU.ActiveCfg = Release|Any CPU
		{E98F6D8F-CAB2-4416-A0D5-182A04E5A47C}.Release|Any CPU.Build.0 = Release|Any CPU
		{D2F77B59-32BB-4425-8293-A362F5A56152}.Debug|Any CPU.ActiveCfg = Debug|Any CPU
		{D2F77B59-32BB-4425-8293-A362F5A56152}.Debug|Any CPU.Build.0 = Debug|Any CPU
		{D2F77B59-32BB-4425-8293-A362F5A56152}.Release|Any CPU.ActiveCfg = Release|Any CPU
		{D2F77B59-32BB-4425-8293-A362F5A56152}.Release|Any CPU.Build.0 = Release|Any CPU
		{B01C05E3-893C-4E65-A8CA-A8EAB44D2A89}.Debug|Any CPU.ActiveCfg = Debug|Any CPU
		{B01C05E3-893C-4E65-A8CA-A8EAB44D2A89}.Debug|Any CPU.Build.0 = Debug|Any CPU
		{B01C05E3-893C-4E65-A8CA-A8EAB44D2A89}.Release|Any CPU.ActiveCfg = Release|Any CPU
		{B01C05E3-893C-4E65-A8CA-A8EAB44D2A89}.Release|Any CPU.Build.0 = Release|Any CPU
		{BFC9FA11-526D-4F31-8774-417A85357309}.Debug|Any CPU.ActiveCfg = Debug|Any CPU
		{BFC9FA11-526D-4F31-8774-417A85357309}.Debug|Any CPU.Build.0 = Debug|Any CPU
		{BFC9FA11-526D-4F31-8774-417A85357309}.Release|Any CPU.ActiveCfg = Release|Any CPU
		{BFC9FA11-526D-4F31-8774-417A85357309}.Release|Any CPU.Build.0 = Release|Any CPU
		{63EE0B3B-702C-49F5-A6A3-A91B384CB727}.Debug|Any CPU.ActiveCfg = Debug|Any CPU
		{63EE0B3B-702C-49F5-A6A3-A91B384CB727}.Debug|Any CPU.Build.0 = Debug|Any CPU
		{63EE0B3B-702C-49F5-A6A3-A91B384CB727}.Release|Any CPU.ActiveCfg = Release|Any CPU
		{63EE0B3B-702C-49F5-A6A3-A91B384CB727}.Release|Any CPU.Build.0 = Release|Any CPU
		{54D8B6D4-DF54-4124-B3B3-03E85EA50C8E}.Debug|Any CPU.ActiveCfg = Debug|Any CPU
		{54D8B6D4-DF54-4124-B3B3-03E85EA50C8E}.Debug|Any CPU.Build.0 = Debug|Any CPU
		{54D8B6D4-DF54-4124-B3B3-03E85EA50C8E}.Release|Any CPU.ActiveCfg = Release|Any CPU
		{54D8B6D4-DF54-4124-B3B3-03E85EA50C8E}.Release|Any CPU.Build.0 = Release|Any CPU
		{7A31C2E9-5B0D-4C81-9A5E-2F6D3B8C0A91}.Debug|Any CPU.ActiveCfg = Debug|Any CPU
		{7A31C2E9-5B0D-4C81-9A5E-2F6D3B8C0A91}.Debug|Any CPU.Build.0 = Debug|Any CPU
		{7A31C2E9-5B0D-4C81-9A5E-2F6D3B8C0A91}.Release|Any CPU.ActiveCfg = Release|Any CPU
		{7A31C2E9-5B0D-4C81-9A5E-2F6D3B8C0A91}.Release|Any CPU.Build.0 = Release|Any CPU
		{2B3C7D8E-5A2E-4F1B-9C8E-6D7E8F9A0B1C}.Debug|Any CPU.ActiveCfg = Debug|Any CPU
		{2B3C7D8E-5A2E-4F1B-9C8E-6D7E8F9A0B1C}.Debug|Any CPU.Build.0 = Debug|Any CPU
		{2B3C7D8E-5A2E-4F1B-9C8E-6D7E8F9A0B1C}.Release|Any CPU.ActiveCfg = Release|Any CPU
		{2B3C7D8E-5A2E-4F1B-9C8E-6D7E8F9A0B1C}.Release|Any CPU.Build.0 = Release|Any CPU
		{0423FA71-8A41-40E7-8301-F008854F38FD}.Debug|Any CPU.ActiveCfg = Debug|Any CPU
		{0423FA71-8A41-40E7-8301-F008854F38FD}.Debug|Any CPU.Build.0 = Debug|Any CPU
		{0423FA71-8A41-40E7-8301-F008854F38FD}.Release|Any CPU.ActiveCfg = Release|Any CPU
		{0423FA71-8A41-40E7-8301-F008854F38FD}.Release|Any CPU.Build.0 = Release|Any CPU
		{61342C7A-D4A9-492F-AE15-D5833E9D7381}.Debug|Any CPU.ActiveCfg = Debug|Any CPU
		{61342C7A-D4A9-492F-AE15-D5833E9D7381}.Debug|Any CPU.Build.0 = Debug|Any CPU
		{61342C7A-D4A9-492F-AE15-D5833E9D7381}.Release|Any CPU.ActiveCfg = Release|Any CPU
		{61342C7A-D4A9-492F-AE15-D5833E9D7381}.Release|Any CPU.Build.0 = Release|Any CPU
		{2F521010-C27B-4FC6-9AB8-8043516B2CBB}.Debug|Any CPU.ActiveCfg = Debug|Any CPU
		{2F521010-C27B-4FC6-9AB8-8043516B2CBB}.Debug|Any CPU.Build.0 = Debug|Any CPU
		{2F521010-C27B-4FC6-9AB8-8043516B2CBB}.Release|Any CPU.ActiveCfg = Release|Any CPU
		{2F521010-C27B-4FC6-9AB8-8043516B2CBB}.Release|Any CPU.Build.0 = Release|Any CPU
		{D24CF0FD-D7BA-43B3-BD00-BC991F2A5B88}.Debug|Any CPU.ActiveCfg = Debug|Any CPU
		{D24CF0FD-D7BA-43B3-BD00-BC991F2A5B88}.Debug|Any CPU.Build.0 = Debug|Any CPU
		{D24CF0FD-D7BA-43B3-BD00-BC991F2A5B88}.Release|Any CPU.ActiveCfg = Release|Any CPU
		{D24CF0FD-D7BA-43B3-BD00-BC991F2A5B88}.Release|Any CPU.Build.0 = Release|Any CPU
		{9A3C4B7D-2E5F-4A6B-8C1D-0F2E6B9A4D71}.Debug|Any CPU.ActiveCfg = Debug|Any CPU
		{9A3C4B7D-2E5F-4A6B-8C1D-0F2E6B9A4D71}.Debug|Any CPU.Build.0 = Debug|Any CPU
		{9A3C4B7D-2E5F-4A6B-8C1D-0F2E6B9A4D71}.Release|Any CPU.ActiveCfg = Release|Any CPU
		{9A3C4B7D-2E5F-4A6B-8C1D-0F2E6B9A4D71}.Release|Any CPU.Build.0 = Release|Any CPU
		{3F5A9C21-7B4D-4E82-B6A0-1D8C4F7E2A93}.Debug|Any CPU.ActiveCfg = Debug|Any CPU
		{3F5A9C21-7B4D-4E82-B6A0-1D8C4F7E2A93}.Debug|Any CPU.Build.0 = Debug|Any CPU
		{3F5A9C21-7B4D-4E82-B6A0-1D8C4F7E2A93}.Release|Any CPU.ActiveCfg = Release|Any CPU
		{3F5A9C21-7B4D-4E82-B6A0-1D8C4F7E2A93}.Release|Any CPU.Build.0 = Release|Any CPU
		{5C7E1A64-93B2-4D5F-8E6A-2B9F0D3C7A11}.Debug|Any CPU.ActiveCfg = Debug|Any CPU
		{5C7E1A64-93B2-4D5F-8E6A-2B9F0D3C7A11}.Debug|Any CPU.Build.0 = Debug|Any CPU
		{5C7E1A64-93B2-4D5F-8E6A-2B9F0D3C7A11}.Release|Any CPU.ActiveCfg = Release|Any CPU
		{5C7E1A64-93B2-4D5F-8E6A-2B9F0D3C7A11}.Release|Any CPU.Build.0 = Release|Any CPU
	EndGlobalSection
	GlobalSection(NestedProjects) = preSolution
		{E98F6D8F-CAB2-4416-A0D5-182A04E5A47C} = {4B137716-F8FE-4CE0-9480-7BD7DA62E400}
		{D2F77B59-32BB-4425-8293-A362F5A56152} = {2D8E83F2-AD21-40F9-BDF4-8542462472B1}
		{B01C05E3-893C-4E65-A8CA-A8EAB44D2A89} = {4B137716-F8FE-4CE0-9480-7BD7DA62E400}
		{BFC9FA11-526D-4F31-8774-417A85357309} = {4B137716-F8FE-4CE0-9480-7BD7DA62E400}
		{63EE0B3B-702C-49F5-A6A3-A91B384CB727} = {2D8E83F2-AD21-40F9-BDF4-8542462472B1}
		{54D8B6D4-DF54-4124-B3B3-03E85EA50C8E} = {4B137716-F8FE-4CE0-9480-7BD7DA62E400}
		{7A31C2E9-5B0D-4C81-9A5E-2F6D3B8C0A91} = {4B137716-F8FE-4CE0-9480-7BD7DA62E400}
		{2B3C7D8E-5A2E-4F1B-9C8E-6D7E8F9A0B1C} = {4B137716-F8FE-4CE0-9480-7BD7DA62E400}
		{0423FA71-8A41-40E7-8301-F008854F38FD} = {4B137716-F8FE-4CE0-9480-7BD7DA62E400}
		{61342C7A-D4A9-492F-AE15-D5833E9D7381} = {4B137716-F8FE-4CE0-9480-7BD7DA62E400}
		{2F521010-C27B-4FC6-9AB8-8043516B2CBB} = {4B137716-F8FE-4CE0-9480-7BD7DA62E400}
		{D24CF0FD-D7BA-43B3-BD00-BC991F2A5B88} = {4B137716-F8FE-4CE0-9480-7BD7DA62E400}
		{9A3C4B7D-2E5F-4A6B-8C1D-0F2E6B9A4D71} = {4B137716-F8FE-4CE0-9480-7BD7DA62E400}
		{3F5A9C21-7B4D-4E82-B6A0-1D8C4F7E2A93} = {4B137716-F8FE-4CE0-9480-7BD7DA62E400}
		{5C7E1A64-93B2-4D5F-8E6A-2B9F0D3C7A11} = {4B137716-F8FE-4CE0-9480-7BD7DA62E400}
	EndGlobalSection
EndGlobal
